
Microsoft Visual Studio Solution File, Format Version 12.00
# Visual Studio Version 16
VisualStudioVersion = 16.0.30413.136
MinimumVisualStudioVersion = 10.0.40219.1
Project("{FAE04EC0-301F-11D3-BF4B-00C04F79EFBC}") = "MyFirstRogueLike", "MyFirstRogueLike\MyFirstRogueLike.csproj", "{9A954D90-37E3-454A-8887-9B8A44126580}"
EndProject
Global
	GlobalSection(SolutionConfigurationPlatforms) = preSolution
		Debug|Any CPU = Debug|Any CPU
		Release|Any CPU = Release|Any CPU
	EndGlobalSection
	GlobalSection(ProjectConfigurationPlatforms) = postSolution
		{9A954D90-37E3-454A-8887-9B8A44126580}.Debug|Any CPU.ActiveCfg = Debug|Any CPU
		{9A954D90-37E3-454A-8887-9B8A44126580}.Debug|Any CPU.Build.0 = Debug|Any CPU
		{9A954D90-37E3-454A-8887-9B8A44126580}.Release|Any CPU.ActiveCfg = Release|Any CPU
		{9A954D90-37E3-454A-8887-9B8A44126580}.Release|Any CPU.Build.0 = Release|Any CPU
	EndGlobalSection
	GlobalSection(SolutionProperties) = preSolution
		HideSolutionNode = FALSE
	EndGlobalSection
	GlobalSection(ExtensibilityGlobals) = postSolution
		SolutionGuid = {2E175483-C356-4BAB-970B-9A440A8FDA4A}
	EndGlobalSection
EndGlobal
